{
    "_meta": {
        "hash": {
            "sha256": "e0cdce14dedaed0501621190f9d41e927cfc5952e664a26d0a27ab5888f917d7"
        },
        "pipfile-spec": 6,
        "requires": {},
        "sources": [
            {
                "name": "pypi",
                "url": "https://pypi.org/simple",
                "verify_ssl": true
            }
        ]
    },
    "default": {
        "duckdb": {
            "hashes": [
                "sha256:097aa9b6d5c9f5d3ed8c35b16020a67731d04befc35f6b89ccb5db9d5f1489c4",
                "sha256:0ac172788e3d8e410e009e3699016a4d7f17b4c7cde20f98856fca1fea79d247",
                "sha256:0d14d00560832592cbac2817847b649bd1d573f125d064518afb6eec5b02e15a",
                "sha256:0d5b6daa9bb54a635e371798994caa08f26d2f145ebcbc989e16b0a0104e84fb",
                "sha256:11c0bf253c96079c6139e8a0880300d80f4dc9f21a8c5c239d2ebc060b227d46",
                "sha256:13d81752763f14203a53981f32bd09731900eb6fda4048fbc532eae5e7bf30e5",
                "sha256:1ace20383fb0ba06229e060a6bb0bcfd48a4582a02e43f05991720504508eb59",
                "sha256:1f786b4402b9c31461ea0520d919e2166df4f9e6e21fd3c7bb0035fa985b5dfe",
                "sha256:21858225b8a5c5dead128f62e4e88facdcbfdce098e18cbcd86a6cd8f48fb2b3",
                "sha256:28857b0d595c229827cc3631ae9b74ff52d11614435aa715e09d8629d2e1b609",
                "sha256:2e6e01e2499e07873b09316bf4d6808f712c57034fa24c255565c4f92386e8e3",
                "sha256:30aa9dbbfc1f9607249fc148af9e6d6fd253fdc2f4c9924d4957d6a535558b4f",
                "sha256:32e52c6e939a4bada220803e6bde6fc0ce870da5662a33cabdd3be14824183a6",
                "sha256:33f99c2e9e4060464673912312b4ec91060d66638756592c9484c62824ff4e85",
                "sha256:343795d13ec3d8cd06c250225a05fd3c348c3ed49cccdde01addd46cb50f3559",
                "sha256:40dd55ea9c31abc69e5a8299f16c877e0b1950fd9a311c117efb4dd3c0dc8458",
                "sha256:48d84577216010ee407913bad9dc47af4cbc65e479c91e130f7bd909a32caefe",
                "sha256:525efad4e6caff80d0f6a51d466470839146e3880da36d4544fee7ff842e7e20",
                "sha256:52af2a078340b2e1b57958477ebc1be07786d3ad5796777e87d4f453e0477b4c",
                "sha256:5aad3e085c33253c689205b5ea3c5d9d54117c1249276c90d495cb85d9adce76",
                "sha256:5c3b3a18a58eebabb426beafc2f7da01d59805d660fc909e5e143b6db04d881a",
                "sha256:5c563b565ea68cfebe9c4078646503b3d38930218f9c3c278277d58952873771",
                "sha256:67d2996c3372a0f7d8f41f1c49e00ecdb26f83cdd9132b76730224ad68b1f1e3",
                "sha256:698a8d1d48b150d344d8aa6dbc30a22ea30fb14ff2b15c90004fc9fcb0b3a3e9",
                "sha256:6c68b1ef88b8cce185381ec69f437d20059c30623375bab41ac07a1104acdb57",
                "sha256:6d85645136fc25026978b5db81869e8a120cfb60e1645a29a0f6dd155be9e59e",
                "sha256:6e2e10582db74b99051e718279c1be204c98a63a5b6aa4e09226b7249e414146",
                "sha256:6e65f00294c3b8576ae651e91e732ea1cefc4aada89c307fb02f49231fd11e1f",
                "sha256:7791a0aa2cea972a612d31d4a289c81c5d00181328ed4f7642907f68f8b1fb9f",
                "sha256:7fb98dbbdbf8048b07223dc6e7401333bb4e83681dde4cded2d239051ea102b5",
                "sha256:88cdc0c2501dd7a65b1df2a76d7624b93d9b6d27febd2ee80b7e5643a0b40bcb",
                "sha256:8bf46d55685906729998eca70ee751934e0425d86863148e658277526c54282e",
                "sha256:910be5005de7427c5231a7200027e0adb951e048c612b895340effcd3e660d5a",
                "sha256:af8382280f24273a535e08b80e9383ad739c66e22855ce68716dfbaeaf8910b9",
                "sha256:b025afa30fcdcede094386e7c519e6964d26de5ad95f4e04a2a0a713676d4465",
                "sha256:b3c52b08c773e52484542300339ebf295e3c9b12d5d7d49b2567e252c16205a7",
                "sha256:b450aa2b3e0eb1fc0f7ad276bd1e4a5a03b1a4def6c45366af17557de2cafbdf",
                "sha256:b5a14a80ad09d65c270d16761b04ea6b074811cdfde6b5e4db1a8b0184125d1b",
                "sha256:bce024b69bae426b0739c470803f7b44261bdc0c0700ea7c41dff5f2d70ca4f3",
                "sha256:d6a88358d86a8ce689fdd4136514aebedf958e910361156a0bb0e53dc3c55f7d",
                "sha256:d7c1b3538bb9c2b49f48b26f092444525b22186efa4e77ba070603ed4a348a66",
                "sha256:dcc60833bb1a1fb2c33b052cf793fef48f681c565d982acff6ac7a86369794da",
                "sha256:f566f615278844ea240c9a3497c0ef201331628f78e0f9f4d64f72f82210e750",
                "sha256:f754c20d3b963574da58b0d22029681b79c63f2e32060f10b687f41b7bba54d7",
                "sha256:f90738310a76bd1618acbc7345175582d36b6907cb0ed07841a3d800dea189d6",
                "sha256:fa08173f68e678793dfe6aab6490ac753204ca7935beb8dbde778dbe593552d8",
                "sha256:fdbe4173729043b2fd949be83135b035820bb2faf64648500563b16f3f6f02ee"
            ],
            "index": "pypi",
            "markers": "python_full_version >= '3.7.0'",
            "version": "==0.10.1"
        },
        "duckdb-engine": {
            "hashes": [
                "sha256:40644334a0af02bdb50bbd8c57e4bd29441e7bf9bd21b565848645bae318e533",
                "sha256:786a9a14b56297d8b98ec6213dce79f0bdb44129bf5faa5792e0fa24f290e7a0"
            ],
            "index": "pypi",
            "markers": "python_version >= '3.7'",
            "version": "==0.11.2"
        },
        "magic-duckdb": {
            "hashes": [
                "sha256:a9f74bb068051862d0f4524679786cf30932b306150e1f3819152448b02f3f97"
            ],
            "index": "pypi",
            "version": "==0.1.27"
        },
        "numpy": {
            "hashes": [
                "sha256:03a8c78d01d9781b28a6989f6fa1bb2c4f2d51201cf99d3dd875df6fbd96b23b",
                "sha256:08beddf13648eb95f8d867350f6a018a4be2e5ad54c8d8caed89ebca558b2818",
                "sha256:1af303d6b2210eb850fcf03064d364652b7120803a0b872f5211f5234b399f20",
                "sha256:1dda2e7b4ec9dd512f84935c5f126c8bd8b9f2fc001e9f54af255e8c5f16b0e0",
                "sha256:2a02aba9ed12e4ac4eb3ea9421c420301a0c6460d9830d74a9df87efa4912010",
                "sha256:2e4ee3380d6de9c9ec04745830fd9e2eccb3e6cf790d39d7b98ffd19b0dd754a",
                "sha256:3373d5d70a5fe74a2c1bb6d2cfd9609ecf686d47a2d7b1d37a8f3b6bf6003aea",
                "sha256:47711010ad8555514b434df65f7d7b076bb8261df1ca9bb78f53d3b2db02e95c",
                "sha256:4c66707fabe114439db9068ee468c26bbdf909cac0fb58686a42a24de1760c71",
                "sha256:50193e430acfc1346175fcbdaa28ffec49947a06918b7b92130744e81e640110",
                "sha256:52b8b60467cd7dd1e9ed082188b4e6bb35aa5cdd01777621a1658910745b90be",
                "sha256:60dedbb91afcbfdc9bc0b1f3f402804070deed7392c23eb7a7f07fa857868e8a",
                "sha256:62b8e4b1e28009ef2846b4c7852046736bab361f7aeadeb6a5b89ebec3c7055a",
                "sha256:666dbfb6ec68962c033a450943ded891bed2d54e6755e35e5835d63f4f6931d5",
                "sha256:675d61ffbfa78604709862923189bad94014bef562cc35cf61d3a07bba02a7ed",
                "sha256:679b0076f67ecc0138fd2ede3a8fd196dddc2ad3254069bcb9faf9a79b1cebcd",
                "sha256:7349ab0fa0c429c82442a27a9673fc802ffdb7c7775fad780226cb234965e53c",
                "sha256:7ab55401287bfec946ced39700c053796e7cc0e3acbef09993a9ad2adba6ca6e",
                "sha256:7e50d0a0cc3189f9cb0aeb3a6a6af18c16f59f004b866cd2be1c14b36134a4a0",
                "sha256:95a7476c59002f2f6c590b9b7b998306fba6a5aa646b1e22ddfeaf8f78c3a29c",
                "sha256:96ff0b2ad353d8f990b63294c8986f1ec3cb19d749234014f4e7eb0112ceba5a",
                "sha256:9fad7dcb1aac3c7f0584a5a8133e3a43eeb2fe127f47e3632d43d677c66c102b",
                "sha256:9ff0f4f29c51e2803569d7a51c2304de5554655a60c5d776e35b4a41413830d0",
                "sha256:a354325ee03388678242a4d7ebcd08b5c727033fcff3b2f536aea978e15ee9e6",
                "sha256:a4abb4f9001ad2858e7ac189089c42178fcce737e4169dc61321660f1a96c7d2",
                "sha256:ab47dbe5cc8210f55aa58e4805fe224dac469cde56b9f731a4c098b91917159a",
                "sha256:afedb719a9dcfc7eaf2287b839d8198e06dcd4cb5d276a3df279231138e83d30",
                "sha256:b3ce300f3644fb06443ee2222c2201dd3a89ea6040541412b8fa189341847218",
                "sha256:b97fe8060236edf3662adfc2c633f56a08ae30560c56310562cb4f95500022d5",
                "sha256:bfe25acf8b437eb2a8b2d49d443800a5f18508cd811fea3181723922a8a82b07",
                "sha256:cd25bcecc4974d09257ffcd1f098ee778f7834c3ad767fe5db785be9a4aa9cb2",
                "sha256:d209d8969599b27ad20994c8e41936ee0964e6da07478d6c35016bc386b66ad4",
                "sha256:d5241e0a80d808d70546c697135da2c613f30e28251ff8307eb72ba696945764",
                "sha256:edd8b5fe47dab091176d21bb6de568acdd906d1887a4584a15a9a96a1dca06ef",
                "sha256:f870204a840a60da0b12273ef34f7051e98c3b5961b61b0c2c1be6dfd64fbcd3",
                "sha256:ffa75af20b44f8dba823498024771d5ac50620e6915abac414251bd971b4529f"
            ],
            "markers": "python_version == '3.11'",
            "version": "==1.26.4"
        },
        "pandas": {
            "hashes": [
                "sha256:04f6ec3baec203c13e3f8b139fb0f9f86cd8c0b94603ae3ae8ce9a422e9f5bee",
                "sha256:06cf591dbaefb6da9de8472535b185cba556d0ce2e6ed28e21d919704fef1a9e",
                "sha256:0ab90f87093c13f3e8fa45b48ba9f39181046e8f3317d3aadb2fffbb1b978572",
                "sha256:0f573ab277252ed9aaf38240f3b54cfc90fff8e5cab70411ee1d03f5d51f3944",
                "sha256:101d0eb9c5361aa0146f500773395a03839a5e6ecde4d4b6ced88b7e5a1a6403",
                "sha256:11940e9e3056576ac3244baef2fedade891977bcc1cb7e5cc8f8cc7d603edc89",
                "sha256:1ba21b1d5c0e43416218db63037dbe1a01fc101dc6e6024bcad08123e48004ab",
                "sha256:4aa1d8707812a658debf03824016bf5ea0d516afdea29b7dc14cf687bc4d4ec6",
                "sha256:4acf681325ee1c7f950d058b05a820441075b0dd9a2adf5c4835b9bc056bf4fb",
                "sha256:53680dc9b2519cbf609c62db3ed7c0b499077c7fefda564e330286e619ff0dd9",
                "sha256:739cc70eaf17d57608639e74d63387b0d8594ce02f69e7a0b046f117974b3019",
                "sha256:76f27a809cda87e07f192f001d11adc2b930e93a2b0c4a236fde5429527423be",
                "sha256:7d2ed41c319c9fb4fd454fe25372028dfa417aacb9790f68171b2e3f06eae8cd",
                "sha256:88ecb5c01bb9ca927ebc4098136038519aa5d66b44671861ffab754cae75102c",
                "sha256:8df8612be9cd1c7797c93e1c5df861b2ddda0b48b08f2c3eaa0702cf88fb5f88",
                "sha256:94e714a1cca63e4f5939cdce5f29ba8d415d85166be3441165edd427dc9f6bc0",
                "sha256:9bd8a40f47080825af4317d0340c656744f2bfdb6819f818e6ba3cd24c0e1397",
                "sha256:9d1265545f579edf3f8f0cb6f89f234f5e44ba725a34d86535b1a1d38decbccc",
                "sha256:a935a90a76c44fe170d01e90a3594beef9e9a6220021acfb26053d01426f7dc2",
                "sha256:af5d3c00557d657c8773ef9ee702c61dd13b9d7426794c9dfeb1dc4a0bf0ebc7",
                "sha256:c2ce852e1cf2509a69e98358e8458775f89599566ac3775e70419b98615f4b06",
                "sha256:c38ce92cb22a4bea4e3929429aa1067a454dcc9c335799af93ba9be21b6beb51",
                "sha256:c391f594aae2fd9f679d419e9a4d5ba4bce5bb13f6a989195656e7dc4b95c8f0",
                "sha256:c70e00c2d894cb230e5c15e4b1e1e6b2b478e09cf27cc593a11ef955b9ecc81a",
                "sha256:df0c37ebd19e11d089ceba66eba59a168242fc6b7155cba4ffffa6eccdfb8f16",
                "sha256:e97fbb5387c69209f134893abc788a6486dbf2f9e511070ca05eed4b930b1b02",
                "sha256:f02a3a6c83df4026e55b63c1f06476c9aa3ed6af3d89b4f04ea656ccdaaaa359",
                "sha256:f821213d48f4ab353d20ebc24e4faf94ba40d76680642fb7ce2ea31a3ad94f9b",
                "sha256:f9d3558d263073ed95e46f4650becff0c5e1ffe0fc3a015de3c79283dfbdb3df"
            ],
            "markers": "python_version >= '3.9'",
            "version": "==2.2.1"
        },
        "python-dateutil": {
            "hashes": [
                "sha256:37dd54208da7e1cd875388217d5e00ebd4179249f90fb72437e91a35459a0ad3",
                "sha256:a8b2bc7bffae282281c8140a97d3aa9c14da0b136dfe83f850eea9a5f7470427"
            ],
            "markers": "python_version >= '2.7' and python_version not in '3.0, 3.1, 3.2, 3.3'",
            "version": "==2.9.0.post0"
        },
        "pytz": {
            "hashes": [
                "sha256:2a29735ea9c18baf14b448846bde5a48030ed267578472d8955cd0e7443a9812",
                "sha256:328171f4e3623139da4983451950b28e95ac706e13f3f2630a879749e7a8b319"
            ],
            "version": "==2024.1"
        },
        "six": {
            "hashes": [
                "sha256:1e61c37477a1626458e36f7b1d82aa5c9b094fa4802892072e49de9c60c4c926",
                "sha256:8abb2f1d86890a2dfb989f9a77cfcfd3e47c2a354b01111771326f8aa26e0254"
            ],
            "markers": "python_version >= '2.7' and python_version not in '3.0, 3.1, 3.2, 3.3'",
            "version": "==1.16.0"
        },
        "sqlalchemy": {
            "hashes": [
                "sha256:01d10638a37460616708062a40c7b55f73e4d35eaa146781c683e0fa7f6c43fb",
                "sha256:04c487305ab035a9548f573763915189fc0fe0824d9ba28433196f8436f1449c",
                "sha256:0dfefdb3e54cd15f5d56fd5ae32f1da2d95d78319c1f6dfb9bcd0eb15d603d5d",
                "sha256:0f3ca96af060a5250a8ad5a63699180bc780c2edf8abf96c58af175921df847a",
                "sha256:205f5a2b39d7c380cbc3b5dcc8f2762fb5bcb716838e2d26ccbc54330775b003",
                "sha256:25664e18bef6dc45015b08f99c63952a53a0a61f61f2e48a9e70cec27e55f699",
                "sha256:296195df68326a48385e7a96e877bc19aa210e485fa381c5246bc0234c36c78e",
                "sha256:2a0732dffe32333211801b28339d2a0babc1971bc90a983e3035e7b0d6f06b93",
                "sha256:3071ad498896907a5ef756206b9dc750f8e57352113c19272bdfdc429c7bd7de",
                "sha256:308ef9cb41d099099fffc9d35781638986870b29f744382904bf9c7dadd08513",
                "sha256:334184d1ab8f4c87f9652b048af3f7abea1c809dfe526fb0435348a6fef3d380",
                "sha256:38b624e5cf02a69b113c8047cf7f66b5dfe4a2ca07ff8b8716da4f1b3ae81567",
                "sha256:471fcb39c6adf37f820350c28aac4a7df9d3940c6548b624a642852e727ea586",
                "sha256:4c142852ae192e9fe5aad5c350ea6befe9db14370b34047e1f0f7cf99e63c63b",
                "sha256:4f6d971255d9ddbd3189e2e79d743ff4845c07f0633adfd1de3f63d930dbe673",
                "sha256:52c8011088305476691b8750c60e03b87910a123cfd9ad48576d6414b6ec2a1d",
                "sha256:52de4736404e53c5c6a91ef2698c01e52333988ebdc218f14c833237a0804f1b",
                "sha256:5c7b02525ede2a164c5fa5014915ba3591730f2cc831f5be9ff3b7fd3e30958e",
                "sha256:5ef3fbccb4058355053c51b82fd3501a6e13dd808c8d8cd2561e610c5456013c",
                "sha256:5f20cb0a63a3e0ec4e169aa8890e32b949c8145983afa13a708bc4b0a1f30e03",
                "sha256:61405ea2d563407d316c63a7b5271ae5d274a2a9fbcd01b0aa5503635699fa1e",
                "sha256:77d29cb6c34b14af8a484e831ab530c0f7188f8efed1c6a833a2c674bf3c26ec",
                "sha256:7b184e3de58009cc0bf32e20f137f1ec75a32470f5fede06c58f6c355ed42a72",
                "sha256:7e614d7a25a43a9f54fcce4675c12761b248547f3d41b195e8010ca7297c369c",
                "sha256:8197d6f7a3d2b468861ebb4c9f998b9df9e358d6e1cf9c2a01061cb9b6cf4e41",
                "sha256:87a1d53a5382cdbbf4b7619f107cc862c1b0a4feb29000922db72e5a66a5ffc0",
                "sha256:8c37f1050feb91f3d6c32f864d8e114ff5545a4a7afe56778d76a9aec62638ba",
                "sha256:90453597a753322d6aa770c5935887ab1fc49cc4c4fdd436901308383d698b4b",
                "sha256:988569c8732f54ad3234cf9c561364221a9e943b78dc7a4aaf35ccc2265f1930",
                "sha256:99a1e69d4e26f71e750e9ad6fdc8614fbddb67cfe2173a3628a2566034e223c7",
                "sha256:9b19836ccca0d321e237560e475fd99c3d8655d03da80c845c4da20dda31b6e1",
                "sha256:9d6753305936eddc8ed190e006b7bb33a8f50b9854823485eed3a886857ab8d1",
                "sha256:a13b917b4ffe5a0a31b83d051d60477819ddf18276852ea68037a144a506efb9",
                "sha256:a88913000da9205b13f6f195f0813b6ffd8a0c0c2bd58d499e00a30eb508870c",
                "sha256:b2a0e3cf0caac2085ff172c3faacd1e00c376e6884b5bc4dd5b6b84623e29e4f",
                "sha256:b5d7ed79df55a731749ce65ec20d666d82b185fa4898430b17cb90c892741520",
                "sha256:bab41acf151cd68bc2b466deae5deeb9e8ae9c50ad113444151ad965d5bf685b",
                "sha256:bd9566b8e58cabd700bc367b60e90d9349cd16f0984973f98a9a09f9c64e86f0",
                "sha256:bda7ce59b06d0f09afe22c56714c65c957b1068dee3d5e74d743edec7daba552",
                "sha256:c2f9c762a2735600654c654bf48dad388b888f8ce387b095806480e6e4ff6907",
                "sha256:c4520047006b1d3f0d89e0532978c0688219857eb2fee7c48052560ae76aca1e",
                "sha256:d96710d834a6fb31e21381c6d7b76ec729bd08c75a25a5184b1089141356171f",
                "sha256:dba622396a3170974f81bad49aacebd243455ec3cc70615aeaef9e9613b5bca5",
                "sha256:dc4ee2d4ee43251905f88637d5281a8d52e916a021384ec10758826f5cbae305",
                "sha256:dddaae9b81c88083e6437de95c41e86823d150f4ee94bf24e158a4526cbead01",
                "sha256:de7202ffe4d4a8c1e3cde1c03e01c1a3772c92858837e8f3879b497158e4cb44",
                "sha256:e5bbe55e8552019c6463709b39634a5fc55e080d0827e2a3a11e18eb73f5cdbd",
                "sha256:ea311d4ee9a8fa67f139c088ae9f905fcf0277d6cd75c310a21a88bf85e130f5",
                "sha256:fecd5089c4be1bcc37c35e9aa678938d2888845a134dd016de457b942cf5a758"
            ],
            "markers": "python_version >= '3.7'",
            "version": "==2.0.29"
        },
        "typing-extensions": {
            "hashes": [
                "sha256:83f085bd5ca59c80295fc2a82ab5dac679cbe02b9f33f7d83af68e241bea51b0",
                "sha256:c1f94d72897edaf4ce775bb7558d5b79d8126906a14ea5ed1635921406c0387a"
            ],
            "markers": "python_version >= '3.8'",
            "version": "==4.11.0"
        },
        "tzdata": {
            "hashes": [
                "sha256:2674120f8d891909751c38abcdfd386ac0a5a1127954fbc332af6b5ceae07efd",
                "sha256:9068bc196136463f5245e51efda838afa15aaeca9903f49050dfa2679db4d252"
            ],
            "markers": "python_version >= '2'",
            "version": "==2024.1"
        }
    },
    "develop": {}
}
